
Microsoft Visual Studio Solution File, Format Version 12.00
# Visual Studio 15
VisualStudioVersion = 15.0.27004.2005
MinimumVisualStudioVersion = 10.0.40219.1
Project("{9A19103F-16F7-4668-BE54-9A1E7A4F7556}") = "Bitwise", "Bitwise\Bitwise.csproj", "{13764BAA-E035-4B49-BB66-A8D86CC5A98B}"
EndProject
Project("{9A19103F-16F7-4668-BE54-9A1E7A4F7556}") = "Tuples", "Tuples\Tuples.csproj", "{F03247A9-28F5-4C61-ACFE-C48FEE30B73D}"
EndProject
Project("{FAE04EC0-301F-11D3-BF4B-00C04F79EFBC}") = "TaskCompletionSource", "TaskCompletionSource\TaskCompletionSource.csproj", "{2C7EDDCD-08EC-410C-A7B9-09D0EA9DC6C3}"
EndProject
Global
	GlobalSection(SolutionConfigurationPlatforms) = preSolution
		Debug|Any CPU = Debug|Any CPU
		Release|Any CPU = Release|Any CPU
	EndGlobalSection
	GlobalSection(ProjectConfigurationPlatforms) = postSolution
		{13764BAA-E035-4B49-BB66-A8D86CC5A98B}.Debug|Any CPU.ActiveCfg = Debug|Any CPU
		{13764BAA-E035-4B49-BB66-A8D86CC5A98B}.Debug|Any CPU.Build.0 = Debug|Any CPU
		{13764BAA-E035-4B49-BB66-A8D86CC5A98B}.Release|Any CPU.ActiveCfg = Release|Any CPU
		{13764BAA-E035-4B49-BB66-A8D86CC5A98B}.Release|Any CPU.Build.0 = Release|Any CPU
		{F03247A9-28F5-4C61-ACFE-C48FEE30B73D}.Debug|Any CPU.ActiveCfg = Debug|Any CPU
		{F03247A9-28F5-4C61-ACFE-C48FEE30B73D}.Debug|Any CPU.Build.0 = Debug|Any CPU
		{F03247A9-28F5-4C61-ACFE-C48FEE30B73D}.Release|Any CPU.ActiveCfg = Release|Any CPU
		{F03247A9-28F5-4C61-ACFE-C48FEE30B73D}.Release|Any CPU.Build.0 = Release|Any CPU
		{2C7EDDCD-08EC-410C-A7B9-09D0EA9DC6C3}.Debug|Any CPU.ActiveCfg = Debug|Any CPU
		{2C7EDDCD-08EC-410C-A7B9-09D0EA9DC6C3}.Debug|Any CPU.Build.0 = Debug|Any CPU
		{2C7EDDCD-08EC-410C-A7B9-09D0EA9DC6C3}.Release|Any CPU.ActiveCfg = Release|Any CPU
		{2C7EDDCD-08EC-410C-A7B9-09D0EA9DC6C3}.Release|Any CPU.Build.0 = Release|Any CPU
	EndGlobalSection
	GlobalSection(SolutionProperties) = preSolution
		HideSolutionNode = FALSE
	EndGlobalSection
	GlobalSection(ExtensibilityGlobals) = postSolution
		SolutionGuid = {5C338C15-7F99-482A-BBA2-C703758E9B3A}
	EndGlobalSection
EndGlobal
